# This file is autogenerated, do not edit; changes may be undone by the next 'dep ensure'.


[[projects]]
  digest = "1:892e5a9343a4f913b5db06c0e728e759ee3c94ed80ff994e531db00cce4826b2"
  name = "github.com/zserge/lorca"
  packages = ["."]
  pruneopts = "UT"
  revision = "6fa5493f3d15d4c07b01b95f2c8fc3433dc307fd"
  version = "v0.1.8"

[[projects]]
  branch = "master"
  digest = "1:7d9f75ab9c0f1fd097d3213059c545392f17189bad556640b31fb4c958dd473b"
  name = "golang.org/x/net"
  packages = ["websocket"]
  pruneopts = "UT"
  revision = "c0dbc17a35534bf2e581d7a942408dc936316da4"

[solve-meta]
  analyzer-name = "dep"
  analyzer-version = 1
  input-imports = ["github.com/zserge/lorca"]
  solver-name = "gps-cdcl"
  solver-version = 1
